
Microsoft Visual Studio Solution File, Format Version 12.00
# Visual Studio Version 17
VisualStudioVersion = 17.2.32630.192
MinimumVisualStudioVersion = 10.0.40219.1
Project("{F184B08F-C81C-45F6-A57F-5ABD9991F28F}") = "Multi Form", "Multi Form\Multi Form.vbproj", "{CE1E8066-A1A6-4732-9CA4-DDC12A62A278}"
EndProject
Global
	GlobalSection(SolutionConfigurationPlatforms) = preSolution
		Debug|Any CPU = Debug|Any CPU
		Release|Any CPU = Release|Any CPU
	EndGlobalSection
	GlobalSection(ProjectConfigurationPlatforms) = postSolution
		{CE1E8066-A1A6-4732-9CA4-DDC12A62A278}.Debug|Any CPU.ActiveCfg = Debug|Any CPU
		{CE1E8066-A1A6-4732-9CA4-DDC12A62A278}.Debug|Any CPU.Build.0 = Debug|Any CPU
		{CE1E8066-A1A6-4732-9CA4-DDC12A62A278}.Release|Any CPU.ActiveCfg = Release|Any CPU
		{CE1E8066-A1A6-4732-9CA4-DDC12A62A278}.Release|Any CPU.Build.0 = Release|Any CPU
	EndGlobalSection
	GlobalSection(SolutionProperties) = preSolution
		HideSolutionNode = FALSE
	EndGlobalSection
	GlobalSection(ExtensibilityGlobals) = postSolution
		SolutionGuid = {2CC5D914-4D3A-43DD-9E7A-5BC741D59FC3}
	EndGlobalSection
EndGlobal
